// !$*UTF8*$!
{
	archiveVersion = 1;
	classes = {
	};
	objectVersion = 46;
	objects = {

/* Begin PBXBuildFile section */
		CE07FA941C71B46000384383 /* CLHomeTableViewController.swift in Sources */ = {isa = PBXBuildFile; fileRef = CE07FA931C71B46000384383 /* CLHomeTableViewController.swift */; };
		CE4C69FB1C7AA86D00B01980 /* My.storyboard in Resources */ = {isa = PBXBuildFile; fileRef = CE4C69FA1C7AA86D00B01980 /* My.storyboard */; };
		CE4C69FE1C7AAB5A00B01980 /* CLSettingTableViewController.swift in Sources */ = {isa = PBXBuildFile; fileRef = CE4C69FD1C7AAB5A00B01980 /* CLSettingTableViewController.swift */; };
		CE4C6A021C7AF51900B01980 /* LocalAuthentication.framework in Frameworks */ = {isa = PBXBuildFile; fileRef = CE4C6A011C7AF51900B01980 /* LocalAuthentication.framework */; };
		CE4C6A061C7B055200B01980 /* UIAlertView+MKBlockAdditions.m in Sources */ = {isa = PBXBuildFile; fileRef = CE4C6A051C7B055200B01980 /* UIAlertView+MKBlockAdditions.m */; };
		CE4C6A091C7B0A7B00B01980 /* CLTabBarController.swift in Sources */ = {isa = PBXBuildFile; fileRef = CE4C6A081C7B0A7B00B01980 /* CLTabBarController.swift */; };
		CE5F378B1C7301B7002B7B4D /* CLNetWorkCenter.m in Sources */ = {isa = PBXBuildFile; fileRef = CE5F378A1C7301B7002B7B4D /* CLNetWorkCenter.m */; };
		CE79242D1C72B61600A4B801 /* CLMenuSearchViewController.swift in Sources */ = {isa = PBXBuildFile; fileRef = CE79242C1C72B61600A4B801 /* CLMenuSearchViewController.swift */; };
		CE79242F1C72B65A00A4B801 /* Serve.storyboard in Resources */ = {isa = PBXBuildFile; fileRef = CE79242E1C72B65A00A4B801 /* Serve.storyboard */; };
		CE7924321C72C34500A4B801 /* APPTools.m in Sources */ = {isa = PBXBuildFile; fileRef = CE7924311C72C34500A4B801 /* APPTools.m */; };
		CE7924361C72C3AC00A4B801 /* MBProgressHUD.m in Sources */ = {isa = PBXBuildFile; fileRef = CE7924351C72C3AC00A4B801 /* MBProgressHUD.m */; };
		CE7924381C72C51500A4B801 /* CLMenuDetailsTableViewController.swift in Sources */ = {isa = PBXBuildFile; fileRef = CE7924371C72C51500A4B801 /* CLMenuDetailsTableViewController.swift */; };
		CE7E42141CC4BA55009C6E49 /* StoreKit.framework in Frameworks */ = {isa = PBXBuildFile; fileRef = CE7E42131CC4BA55009C6E49 /* StoreKit.framework */; };
		CEA21F0C1C802A4B000E6815 /* libGeTuiSdk-1.3.2.a in Frameworks */ = {isa = PBXBuildFile; fileRef = CEA21F0B1C802A4B000E6815 /* libGeTuiSdk-1.3.2.a */; };
		CEA21F0E1C802AEA000E6815 /* libz.tbd in Frameworks */ = {isa = PBXBuildFile; fileRef = CEA21F0D1C802AEA000E6815 /* libz.tbd */; };
		CEA21F101C802B00000E6815 /* libsqlite3.tbd in Frameworks */ = {isa = PBXBuildFile; fileRef = CEA21F0F1C802B00000E6815 /* libsqlite3.tbd */; };
		CEA21F121C802B0A000E6815 /* CFNetwork.framework in Frameworks */ = {isa = PBXBuildFile; fileRef = CEA21F111C802B0A000E6815 /* CFNetwork.framework */; };
		CEA21F141C802B1B000E6815 /* SystemConfiguration.framework in Frameworks */ = {isa = PBXBuildFile; fileRef = CEA21F131C802B1B000E6815 /* SystemConfiguration.framework */; };
		CEA21F161C802B26000E6815 /* CoreTelephony.framework in Frameworks */ = {isa = PBXBuildFile; fileRef = CEA21F151C802B26000E6815 /* CoreTelephony.framework */; };
		CEA21F181C802B2F000E6815 /* AVFoundation.framework in Frameworks */ = {isa = PBXBuildFile; fileRef = CEA21F171C802B2F000E6815 /* AVFoundation.framework */; };
		CEA21F1A1C802B39000E6815 /* CoreLocation.framework in Frameworks */ = {isa = PBXBuildFile; fileRef = CEA21F191C802B39000E6815 /* CoreLocation.framework */; };
		CEA21F1C1C802B43000E6815 /* CoreBluetooth.framework in Frameworks */ = {isa = PBXBuildFile; fileRef = CEA21F1B1C802B43000E6815 /* CoreBluetooth.framework */; };
		CEB0D9821C8D211400222DAA /* CLApplePayViewController.m in Sources */ = {isa = PBXBuildFile; fileRef = CEB0D9811C8D211400222DAA /* CLApplePayViewController.m */; };
		CEB0D9861C8D48C100222DAA /* CBAutoScrollLabel.m in Sources */ = {isa = PBXBuildFile; fileRef = CEB0D9851C8D48C100222DAA /* CBAutoScrollLabel.m */; };
		CEB0D9891C8D4A2800222DAA /* Utils.m in Sources */ = {isa = PBXBuildFile; fileRef = CEB0D9881C8D4A2800222DAA /* Utils.m */; };
		CEBB0A9F1C8FB41D00C6C406 /* TYNewsView.m in Sources */ = {isa = PBXBuildFile; fileRef = CEBB0A9E1C8FB41D00C6C406 /* TYNewsView.m */; };
		CEBB0B481C8FF40000C6C406 /* Security.framework in Frameworks */ = {isa = PBXBuildFile; fileRef = CEBB0B471C8FF40000C6C406 /* Security.framework */; };
		CEBB0B4A1C8FF40F00C6C406 /* libiconv.tbd in Frameworks */ = {isa = PBXBuildFile; fileRef = CEBB0B491C8FF40F00C6C406 /* libiconv.tbd */; };
		CEBB0B4C1C8FF43300C6C406 /* CoreGraphics.framework in Frameworks */ = {isa = PBXBuildFile; fileRef = CEBB0B4B1C8FF43300C6C406 /* CoreGraphics.framework */; };
		CEBB0B4E1C8FF46300C6C406 /* libstdc++.tbd in Frameworks */ = {isa = PBXBuildFile; fileRef = CEBB0B4D1C8FF46300C6C406 /* libstdc++.tbd */; };
		CED19B6A1C589D1800F6B162 /* AppDelegate.swift in Sources */ = {isa = PBXBuildFile; fileRef = CED19B691C589D1800F6B162 /* AppDelegate.swift */; };
		CED19B711C589D1800F6B162 /* Assets.xcassets in Resources */ = {isa = PBXBuildFile; fileRef = CED19B701C589D1800F6B162 /* Assets.xcassets */; };
		CED19B7F1C589D1800F6B162 /* CLFreedomTests.swift in Sources */ = {isa = PBXBuildFile; fileRef = CED19B7E1C589D1800F6B162 /* CLFreedomTests.swift */; };
		CED19B8A1C589D1800F6B162 /* CLFreedomUITests.swift in Sources */ = {isa = PBXBuildFile; fileRef = CED19B891C589D1800F6B162 /* CLFreedomUITests.swift */; };
		CED19B9B1C58A89200F6B162 /* LaunchScreen.storyboard in Resources */ = {isa = PBXBuildFile; fileRef = CED19B991C58A89200F6B162 /* LaunchScreen.storyboard */; };
		CED19B9C1C58A89200F6B162 /* Main.storyboard in Resources */ = {isa = PBXBuildFile; fileRef = CED19B9A1C58A89200F6B162 /* Main.storyboard */; };
		CED19BAB1C58B5E500F6B162 /* CycleScrollView.m in Sources */ = {isa = PBXBuildFile; fileRef = CED19BAA1C58B5E500F6B162 /* CycleScrollView.m */; };
		CED19BB11C58B64A00F6B162 /* NSTimer+Addition.m in Sources */ = {isa = PBXBuildFile; fileRef = CED19BB01C58B64A00F6B162 /* NSTimer+Addition.m */; };
		CED19BB41C58B9F900F6B162 /* CLCommonConst.swift in Sources */ = {isa = PBXBuildFile; fileRef = CED19BB31C58B9F900F6B162 /* CLCommonConst.swift */; };
		CED19BB71C58BAA000F6B162 /* UIColor+Additions.m in Sources */ = {isa = PBXBuildFile; fileRef = CED19BB61C58BAA000F6B162 /* UIColor+Additions.m */; };
/* End PBXBuildFile section */

/* Begin PBXContainerItemProxy section */
		CED19B7B1C589D1800F6B162 /* PBXContainerItemProxy */ = {
			isa = PBXContainerItemProxy;
			containerPortal = CED19B5E1C589D1800F6B162 /* Project object */;
			proxyType = 1;
			remoteGlobalIDString = CED19B651C589D1800F6B162;
			remoteInfo = CLFreedom;
		};
		CED19B861C589D1800F6B162 /* PBXContainerItemProxy */ = {
			isa = PBXContainerItemProxy;
			containerPortal = CED19B5E1C589D1800F6B162 /* Project object */;
			proxyType = 1;
			remoteGlobalIDString = CED19B651C589D1800F6B162;
			remoteInfo = CLFreedom;
		};
/* End PBXContainerItemProxy section */

/* Begin PBXFileReference section */
		CE07FA931C71B46000384383 /* CLHomeTableViewController.swift */ = {isa = PBXFileReference; fileEncoding = 4; lastKnownFileType = sourcecode.swift; path = CLHomeTableViewController.swift; sourceTree = "<group>"; };
		CE4C69FA1C7AA86D00B01980 /* My.storyboard */ = {isa = PBXFileReference; fileEncoding = 4; lastKnownFileType = file.storyboard; path = My.storyboard; sourceTree = "<group>"; };
		CE4C69FD1C7AAB5A00B01980 /* CLSettingTableViewController.swift */ = {isa = PBXFileReference; fileEncoding = 4; lastKnownFileType = sourcecode.swift; path = CLSettingTableViewController.swift; sourceTree = "<group>"; };
		CE4C6A011C7AF51900B01980 /* LocalAuthentication.framework */ = {isa = PBXFileReference; lastKnownFileType = wrapper.framework; name = LocalAuthentication.framework; path = System/Library/Frameworks/LocalAuthentication.framework; sourceTree = SDKROOT; };
		CE4C6A031C7B055200B01980 /* MKBlockAdditions.h */ = {isa = PBXFileReference; fileEncoding = 4; lastKnownFileType = sourcecode.c.h; path = MKBlockAdditions.h; sourceTree = "<group>"; };
		CE4C6A041C7B055200B01980 /* UIAlertView+MKBlockAdditions.h */ = {isa = PBXFileReference; fileEncoding = 4; lastKnownFileType = sourcecode.c.h; path = "UIAlertView+MKBlockAdditions.h"; sourceTree = "<group>"; };
		CE4C6A051C7B055200B01980 /* UIAlertView+MKBlockAdditions.m */ = {isa = PBXFileReference; fileEncoding = 4; lastKnownFileType = sourcecode.c.objc; path = "UIAlertView+MKBlockAdditions.m"; sourceTree = "<group>"; };
		CE4C6A081C7B0A7B00B01980 /* CLTabBarController.swift */ = {isa = PBXFileReference; fileEncoding = 4; lastKnownFileType = sourcecode.swift; path = CLTabBarController.swift; sourceTree = "<group>"; };
		CE5F37891C7301B7002B7B4D /* CLNetWorkCenter.h */ = {isa = PBXFileReference; fileEncoding = 4; lastKnownFileType = sourcecode.c.h; path = CLNetWorkCenter.h; sourceTree = "<group>"; };
		CE5F378A1C7301B7002B7B4D /* CLNetWorkCenter.m */ = {isa = PBXFileReference; fileEncoding = 4; lastKnownFileType = sourcecode.c.objc; path = CLNetWorkCenter.m; sourceTree = "<group>"; };
		CE79242C1C72B61600A4B801 /* CLMenuSearchViewController.swift */ = {isa = PBXFileReference; fileEncoding = 4; lastKnownFileType = sourcecode.swift; path = CLMenuSearchViewController.swift; sourceTree = "<group>"; };
		CE79242E1C72B65A00A4B801 /* Serve.storyboard */ = {isa = PBXFileReference; fileEncoding = 4; lastKnownFileType = file.storyboard; path = Serve.storyboard; sourceTree = "<group>"; };
		CE7924301C72C34500A4B801 /* APPTools.h */ = {isa = PBXFileReference; fileEncoding = 4; lastKnownFileType = sourcecode.c.h; path = APPTools.h; sourceTree = "<group>"; };
		CE7924311C72C34500A4B801 /* APPTools.m */ = {isa = PBXFileReference; fileEncoding = 4; lastKnownFileType = sourcecode.c.objc; path = APPTools.m; sourceTree = "<group>"; };
		CE7924341C72C3AC00A4B801 /* MBProgressHUD.h */ = {isa = PBXFileReference; fileEncoding = 4; lastKnownFileType = sourcecode.c.h; path = MBProgressHUD.h; sourceTree = "<group>"; };
		CE7924351C72C3AC00A4B801 /* MBProgressHUD.m */ = {isa = PBXFileReference; fileEncoding = 4; lastKnownFileType = sourcecode.c.objc; path = MBProgressHUD.m; sourceTree = "<group>"; };
		CE7924371C72C51500A4B801 /* CLMenuDetailsTableViewController.swift */ = {isa = PBXFileReference; fileEncoding = 4; lastKnownFileType = sourcecode.swift; path = CLMenuDetailsTableViewController.swift; sourceTree = "<group>"; };
		CE7E42131CC4BA55009C6E49 /* StoreKit.framework */ = {isa = PBXFileReference; lastKnownFileType = wrapper.framework; name = StoreKit.framework; path = System/Library/Frameworks/StoreKit.framework; sourceTree = SDKROOT; };
		CE8D7B641C72D2810016B798 /* CLCommonConst.h */ = {isa = PBXFileReference; fileEncoding = 4; lastKnownFileType = sourcecode.c.h; path = CLCommonConst.h; sourceTree = "<group>"; };
		CEA21F0A1C802A4B000E6815 /* GeTuiSdk.h */ = {isa = PBXFileReference; fileEncoding = 4; lastKnownFileType = sourcecode.c.h; path = GeTuiSdk.h; sourceTree = "<group>"; };
		CEA21F0B1C802A4B000E6815 /* libGeTuiSdk-1.3.2.a */ = {isa = PBXFileReference; lastKnownFileType = archive.ar; path = "libGeTuiSdk-1.3.2.a"; sourceTree = "<group>"; };
		CEA21F0D1C802AEA000E6815 /* libz.tbd */ = {isa = PBXFileReference; lastKnownFileType = "sourcecode.text-based-dylib-definition"; name = libz.tbd; path = usr/lib/libz.tbd; sourceTree = SDKROOT; };
		CEA21F0F1C802B00000E6815 /* libsqlite3.tbd */ = {isa = PBXFileReference; lastKnownFileType = "sourcecode.text-based-dylib-definition"; name = libsqlite3.tbd; path = usr/lib/libsqlite3.tbd; sourceTree = SDKROOT; };
		CEA21F111C802B0A000E6815 /* CFNetwork.framework */ = {isa = PBXFileReference; lastKnownFileType = wrapper.framework; name = CFNetwork.framework; path = System/Library/Frameworks/CFNetwork.framework; sourceTree = SDKROOT; };
		CEA21F131C802B1B000E6815 /* SystemConfiguration.framework */ = {isa = PBXFileReference; lastKnownFileType = wrapper.framework; name = SystemConfiguration.framework; path = System/Library/Frameworks/SystemConfiguration.framework; sourceTree = SDKROOT; };
		CEA21F151C802B26000E6815 /* CoreTelephony.framework */ = {isa = PBXFileReference; lastKnownFileType = wrapper.framework; name = CoreTelephony.framework; path = System/Library/Frameworks/CoreTelephony.framework; sourceTree = SDKROOT; };
		CEA21F171C802B2F000E6815 /* AVFoundation.framework */ = {isa = PBXFileReference; lastKnownFileType = wrapper.framework; name = AVFoundation.framework; path = System/Library/Frameworks/AVFoundation.framework; sourceTree = SDKROOT; };
		CEA21F191C802B39000E6815 /* CoreLocation.framework */ = {isa = PBXFileReference; lastKnownFileType = wrapper.framework; name = CoreLocation.framework; path = System/Library/Frameworks/CoreLocation.framework; sourceTree = SDKROOT; };
		CEA21F1B1C802B43000E6815 /* CoreBluetooth.framework */ = {isa = PBXFileReference; lastKnownFileType = wrapper.framework; name = CoreBluetooth.framework; path = System/Library/Frameworks/CoreBluetooth.framework; sourceTree = SDKROOT; };
		CEB0D9801C8D211400222DAA /* CLApplePayViewController.h */ = {isa = PBXFileReference; fileEncoding = 4; lastKnownFileType = sourcecode.c.h; path = CLApplePayViewController.h; sourceTree = "<group>"; };
		CEB0D9811C8D211400222DAA /* CLApplePayViewController.m */ = {isa = PBXFileReference; fileEncoding = 4; lastKnownFileType = sourcecode.c.objc; path = CLApplePayViewController.m; sourceTree = "<group>"; };
		CEB0D9841C8D48C100222DAA /* CBAutoScrollLabel.h */ = {isa = PBXFileReference; fileEncoding = 4; lastKnownFileType = sourcecode.c.h; path = CBAutoScrollLabel.h; sourceTree = "<group>"; };
		CEB0D9851C8D48C100222DAA /* CBAutoScrollLabel.m */ = {isa = PBXFileReference; fileEncoding = 4; lastKnownFileType = sourcecode.c.objc; path = CBAutoScrollLabel.m; sourceTree = "<group>"; };
		CEB0D9871C8D4A2800222DAA /* Utils.h */ = {isa = PBXFileReference; fileEncoding = 4; lastKnownFileType = sourcecode.c.h; path = Utils.h; sourceTree = "<group>"; };
		CEB0D9881C8D4A2800222DAA /* Utils.m */ = {isa = PBXFileReference; fileEncoding = 4; lastKnownFileType = sourcecode.c.objc; path = Utils.m; sourceTree = "<group>"; };
		CEBB0A9D1C8FB41D00C6C406 /* TYNewsView.h */ = {isa = PBXFileReference; fileEncoding = 4; lastKnownFileType = sourcecode.c.h; path = TYNewsView.h; sourceTree = "<group>"; };
		CEBB0A9E1C8FB41D00C6C406 /* TYNewsView.m */ = {isa = PBXFileReference; fileEncoding = 4; lastKnownFileType = sourcecode.c.objc; path = TYNewsView.m; sourceTree = "<group>"; };
		CEBB0B471C8FF40000C6C406 /* Security.framework */ = {isa = PBXFileReference; lastKnownFileType = wrapper.framework; name = Security.framework; path = System/Library/Frameworks/Security.framework; sourceTree = SDKROOT; };
		CEBB0B491C8FF40F00C6C406 /* libiconv.tbd */ = {isa = PBXFileReference; lastKnownFileType = "sourcecode.text-based-dylib-definition"; name = libiconv.tbd; path = usr/lib/libiconv.tbd; sourceTree = SDKROOT; };
		CEBB0B4B1C8FF43300C6C406 /* CoreGraphics.framework */ = {isa = PBXFileReference; lastKnownFileType = wrapper.framework; name = CoreGraphics.framework; path = System/Library/Frameworks/CoreGraphics.framework; sourceTree = SDKROOT; };
		CEBB0B4D1C8FF46300C6C406 /* libstdc++.tbd */ = {isa = PBXFileReference; lastKnownFileType = "sourcecode.text-based-dylib-definition"; name = "libstdc++.tbd"; path = "usr/lib/libstdc++.tbd"; sourceTree = SDKROOT; };
		CED19B661C589D1800F6B162 /* CLFreedom.app */ = {isa = PBXFileReference; explicitFileType = wrapper.application; includeInIndex = 0; path = CLFreedom.app; sourceTree = BUILT_PRODUCTS_DIR; };
		CED19B691C589D1800F6B162 /* AppDelegate.swift */ = {isa = PBXFileReference; lastKnownFileType = sourcecode.swift; path = AppDelegate.swift; sourceTree = "<group>"; };
		CED19B701C589D1800F6B162 /* Assets.xcassets */ = {isa = PBXFileReference; lastKnownFileType = folder.assetcatalog; path = Assets.xcassets; sourceTree = "<group>"; };
		CED19B751C589D1800F6B162 /* Info.plist */ = {isa = PBXFileReference; lastKnownFileType = text.plist.xml; path = Info.plist; sourceTree = "<group>"; };
		CED19B7A1C589D1800F6B162 /* CLFreedomTests.xctest */ = {isa = PBXFileReference; explicitFileType = wrapper.cfbundle; includeInIndex = 0; path = CLFreedomTests.xctest; sourceTree = BUILT_PRODUCTS_DIR; };
		CED19B7E1C589D1800F6B162 /* CLFreedomTests.swift */ = {isa = PBXFileReference; lastKnownFileType = sourcecode.swift; path = CLFreedomTests.swift; sourceTree = "<group>"; };
		CED19B801C589D1800F6B162 /* Info.plist */ = {isa = PBXFileReference; lastKnownFileType = text.plist.xml; path = Info.plist; sourceTree = "<group>"; };
		CED19B851C589D1800F6B162 /* CLFreedomUITests.xctest */ = {isa = PBXFileReference; explicitFileType = wrapper.cfbundle; includeInIndex = 0; path = CLFreedomUITests.xctest; sourceTree = BUILT_PRODUCTS_DIR; };
		CED19B891C589D1800F6B162 /* CLFreedomUITests.swift */ = {isa = PBXFileReference; lastKnownFileType = sourcecode.swift; path = CLFreedomUITests.swift; sourceTree = "<group>"; };
		CED19B8B1C589D1800F6B162 /* Info.plist */ = {isa = PBXFileReference; lastKnownFileType = text.plist.xml; path = Info.plist; sourceTree = "<group>"; };
		CED19B991C58A89200F6B162 /* LaunchScreen.storyboard */ = {isa = PBXFileReference; fileEncoding = 4; lastKnownFileType = file.storyboard; path = LaunchScreen.storyboard; sourceTree = "<group>"; };
		CED19B9A1C58A89200F6B162 /* Main.storyboard */ = {isa = PBXFileReference; fileEncoding = 4; lastKnownFileType = file.storyboard; path = Main.storyboard; sourceTree = "<group>"; };
		CED19BA71C58B46400F6B162 /* CLFreedom-Prefix.pch */ = {isa = PBXFileReference; fileEncoding = 4; lastKnownFileType = sourcecode.c.h; path = "CLFreedom-Prefix.pch"; sourceTree = "<group>"; };
		CED19BA91C58B5E500F6B162 /* CycleScrollView.h */ = {isa = PBXFileReference; fileEncoding = 4; lastKnownFileType = sourcecode.c.h; path = CycleScrollView.h; sourceTree = "<group>"; };
		CED19BAA1C58B5E500F6B162 /* CycleScrollView.m */ = {isa = PBXFileReference; fileEncoding = 4; lastKnownFileType = sourcecode.c.objc; path = CycleScrollView.m; sourceTree = "<group>"; };
		CED19BAF1C58B64A00F6B162 /* NSTimer+Addition.h */ = {isa = PBXFileReference; fileEncoding = 4; lastKnownFileType = sourcecode.c.h; path = "NSTimer+Addition.h"; sourceTree = "<group>"; };
		CED19BB01C58B64A00F6B162 /* NSTimer+Addition.m */ = {isa = PBXFileReference; fileEncoding = 4; lastKnownFileType = sourcecode.c.objc; path = "NSTimer+Addition.m"; sourceTree = "<group>"; };
		CED19BB21C58B6F000F6B162 /* SwiftCallOcHeader.h */ = {isa = PBXFileReference; lastKnownFileType = sourcecode.c.h; path = SwiftCallOcHeader.h; sourceTree = "<group>"; };
		CED19BB31C58B9F900F6B162 /* CLCommonConst.swift */ = {isa = PBXFileReference; fileEncoding = 4; lastKnownFileType = sourcecode.swift; path = CLCommonConst.swift; sourceTree = "<group>"; };
		CED19BB51C58BAA000F6B162 /* UIColor+Additions.h */ = {isa = PBXFileReference; fileEncoding = 4; lastKnownFileType = sourcecode.c.h; path = "UIColor+Additions.h"; sourceTree = "<group>"; };
		CED19BB61C58BAA000F6B162 /* UIColor+Additions.m */ = {isa = PBXFileReference; fileEncoding = 4; lastKnownFileType = sourcecode.c.objc; path = "UIColor+Additions.m"; sourceTree = "<group>"; };
/* End PBXFileReference section */

/* Begin PBXFrameworksBuildPhase section */
		CED19B631C589D1800F6B162 /* Frameworks */ = {
			isa = PBXFrameworksBuildPhase;
			buildActionMask = 2147483647;
			files = (
				CE7E42141CC4BA55009C6E49 /* StoreKit.framework in Frameworks */,
				CEBB0B4E1C8FF46300C6C406 /* libstdc++.tbd in Frameworks */,
				CEA21F161C802B26000E6815 /* CoreTelephony.framework in Frameworks */,
				CEBB0B4C1C8FF43300C6C406 /* CoreGraphics.framework in Frameworks */,
				CEBB0B4A1C8FF40F00C6C406 /* libiconv.tbd in Frameworks */,
				CEBB0B481C8FF40000C6C406 /* Security.framework in Frameworks */,
				CEA21F1C1C802B43000E6815 /* CoreBluetooth.framework in Frameworks */,
				CEA21F1A1C802B39000E6815 /* CoreLocation.framework in Frameworks */,
				CEA21F181C802B2F000E6815 /* AVFoundation.framework in Frameworks */,
				CEA21F141C802B1B000E6815 /* SystemConfiguration.framework in Frameworks */,
				CEA21F121C802B0A000E6815 /* CFNetwork.framework in Frameworks */,
				CEA21F101C802B00000E6815 /* libsqlite3.tbd in Frameworks */,
				CEA21F0E1C802AEA000E6815 /* libz.tbd in Frameworks */,
				CE4C6A021C7AF51900B01980 /* LocalAuthentication.framework in Frameworks */,
				CEA21F0C1C802A4B000E6815 /* libGeTuiSdk-1.3.2.a in Frameworks */,
			);
			runOnlyForDeploymentPostprocessing = 0;
		};
		CED19B771C589D1800F6B162 /* Frameworks */ = {
			isa = PBXFrameworksBuildPhase;
			buildActionMask = 2147483647;
			files = (
			);
			runOnlyForDeploymentPostprocessing = 0;
		};
		CED19B821C589D1800F6B162 /* Frameworks */ = {
			isa = PBXFrameworksBuildPhase;
			buildActionMask = 2147483647;
			files = (
			);
			runOnlyForDeploymentPostprocessing = 0;
		};
/* End PBXFrameworksBuildPhase section */

/* Begin PBXGroup section */
		CE07FA911C71B44100384383 /* FirstVc */ = {
			isa = PBXGroup;
			children = (
				CE07FA931C71B46000384383 /* CLHomeTableViewController.swift */,
			);
			path = FirstVc;
			sourceTree = "<group>";
		};
		CE07FA921C71B44100384383 /* SecondVc */ = {
			isa = PBXGroup;
			children = (
			);
			path = SecondVc;
			sourceTree = "<group>";
		};
		CE4C69FC1C7AAAFB00B01980 /* ThirdVc */ = {
			isa = PBXGroup;
			children = (
				CE4C69FD1C7AAB5A00B01980 /* CLSettingTableViewController.swift */,
			);
			path = ThirdVc;
			sourceTree = "<group>";
		};
		CE4C6A071C7B0A4500B01980 /* MainVc */ = {
			isa = PBXGroup;
			children = (
				CE4C6A081C7B0A7B00B01980 /* CLTabBarController.swift */,
			);
			path = MainVc;
			sourceTree = "<group>";
		};
		CE5F376D1C72F3A2002B7B4D /* DataModel */ = {
			isa = PBXGroup;
			children = (
			);
			path = DataModel;
			sourceTree = "<group>";
		};
		CE5F376E1C72F3A2002B7B4D /* NetWorkCenter */ = {
			isa = PBXGroup;
			children = (
				CE5F37891C7301B7002B7B4D /* CLNetWorkCenter.h */,
				CE5F378A1C7301B7002B7B4D /* CLNetWorkCenter.m */,
			);
			path = NetWorkCenter;
			sourceTree = "<group>";
		};
		CE5F376F1C72F3A2002B7B4D /* TableIViewCell */ = {
			isa = PBXGroup;
			children = (
			);
			path = TableIViewCell;
			sourceTree = "<group>";
		};
		CE5F37701C72F3A2002B7B4D /* ThirdPart */ = {
			isa = PBXGroup;
			children = (
				CEA21F091C802A4B000E6815 /* GtSdkLib */,
			);
			path = ThirdPart;
			sourceTree = "<group>";
		};
		CE79242B1C72B59300A4B801 /* ServeVc */ = {
			isa = PBXGroup;
			children = (
				CE79242C1C72B61600A4B801 /* CLMenuSearchViewController.swift */,
				CE7924371C72C51500A4B801 /* CLMenuDetailsTableViewController.swift */,
				CEB0D9801C8D211400222DAA /* CLApplePayViewController.h */,
				CEB0D9811C8D211400222DAA /* CLApplePayViewController.m */,
			);
			path = ServeVc;
			sourceTree = "<group>";
		};
		CE7924331C72C3AC00A4B801 /* MBProgressHUD */ = {
			isa = PBXGroup;
			children = (
				CE7924341C72C3AC00A4B801 /* MBProgressHUD.h */,
				CE7924351C72C3AC00A4B801 /* MBProgressHUD.m */,
			);
			path = MBProgressHUD;
			sourceTree = "<group>";
		};
		CEA21F081C8023FC000E6815 /* Framework */ = {
			isa = PBXGroup;
			children = (
				CE7E42131CC4BA55009C6E49 /* StoreKit.framework */,
				CEBB0B4D1C8FF46300C6C406 /* libstdc++.tbd */,
				CEBB0B4B1C8FF43300C6C406 /* CoreGraphics.framework */,
				CEBB0B491C8FF40F00C6C406 /* libiconv.tbd */,
				CEBB0B471C8FF40000C6C406 /* Security.framework */,
				CEA21F1B1C802B43000E6815 /* CoreBluetooth.framework */,
				CEA21F191C802B39000E6815 /* CoreLocation.framework */,
				CEA21F171C802B2F000E6815 /* AVFoundation.framework */,
				CEA21F151C802B26000E6815 /* CoreTelephony.framework */,
				CEA21F131C802B1B000E6815 /* SystemConfiguration.framework */,
				CEA21F111C802B0A000E6815 /* CFNetwork.framework */,
				CEA21F0F1C802B00000E6815 /* libsqlite3.tbd */,
				CEA21F0D1C802AEA000E6815 /* libz.tbd */,
				CE4C6A011C7AF51900B01980 /* LocalAuthentication.framework */,
			);
			path = Framework;
			sourceTree = "<group>";
		};
		CEA21F091C802A4B000E6815 /* GtSdkLib */ = {
			isa = PBXGroup;
			children = (
				CEA21F0A1C802A4B000E6815 /* GeTuiSdk.h */,
				CEA21F0B1C802A4B000E6815 /* libGeTuiSdk-1.3.2.a */,
			);
			path = GtSdkLib;
			sourceTree = "<group>";
		};
		CEB0D9831C8D48C100222DAA /* CBAutoScrollLabel */ = {
			isa = PBXGroup;
			children = (
				CEB0D9841C8D48C100222DAA /* CBAutoScrollLabel.h */,
				CEB0D9851C8D48C100222DAA /* CBAutoScrollLabel.m */,
			);
			path = CBAutoScrollLabel;
			sourceTree = "<group>";
		};
		CEBB0A9C1C8FB41D00C6C406 /* TYUpDownScrollView */ = {
			isa = PBXGroup;
			children = (
				CEBB0A9D1C8FB41D00C6C406 /* TYNewsView.h */,
				CEBB0A9E1C8FB41D00C6C406 /* TYNewsView.m */,
			);
			path = TYUpDownScrollView;
			sourceTree = "<group>";
		};
		CED19B5D1C589D1800F6B162 = {
			isa = PBXGroup;
			children = (
				CED19B681C589D1800F6B162 /* CLFreedom */,
				CEA21F081C8023FC000E6815 /* Framework */,
				CED19B7D1C589D1800F6B162 /* CLFreedomTests */,
				CED19B881C589D1800F6B162 /* CLFreedomUITests */,
				CED19B671C589D1800F6B162 /* Products */,
			);
			sourceTree = "<group>";
		};
		CED19B671C589D1800F6B162 /* Products */ = {
			isa = PBXGroup;
			children = (
				CED19B661C589D1800F6B162 /* CLFreedom.app */,
				CED19B7A1C589D1800F6B162 /* CLFreedomTests.xctest */,
				CED19B851C589D1800F6B162 /* CLFreedomUITests.xctest */,
			);
			name = Products;
			sourceTree = "<group>";
		};
		CED19B681C589D1800F6B162 /* CLFreedom */ = {
			isa = PBXGroup;
			children = (
				CED19B981C58A86700F6B162 /* StoryBoard */,
				CED19B971C58A86700F6B162 /* Classes */,
				CED19B701C589D1800F6B162 /* Assets.xcassets */,
				CED19BA71C58B46400F6B162 /* CLFreedom-Prefix.pch */,
				CED19B691C589D1800F6B162 /* AppDelegate.swift */,
				CED19B751C589D1800F6B162 /* Info.plist */,
			);
			path = CLFreedom;
			sourceTree = "<group>";
		};
		CED19B7D1C589D1800F6B162 /* CLFreedomTests */ = {
			isa = PBXGroup;
			children = (
				CED19B7E1C589D1800F6B162 /* CLFreedomTests.swift */,
				CED19B801C589D1800F6B162 /* Info.plist */,
			);
			path = CLFreedomTests;
			sourceTree = "<group>";
		};
		CED19B881C589D1800F6B162 /* CLFreedomUITests */ = {
			isa = PBXGroup;
			children = (
				CED19B891C589D1800F6B162 /* CLFreedomUITests.swift */,
				CED19B8B1C589D1800F6B162 /* Info.plist */,
			);
			path = CLFreedomUITests;
			sourceTree = "<group>";
		};
		CED19B971C58A86700F6B162 /* Classes */ = {
			isa = PBXGroup;
			children = (
				CE5F376D1C72F3A2002B7B4D /* DataModel */,
				CE5F376E1C72F3A2002B7B4D /* NetWorkCenter */,
				CE5F376F1C72F3A2002B7B4D /* TableIViewCell */,
				CE5F37701C72F3A2002B7B4D /* ThirdPart */,
				CED19BA31C58AB2F00F6B162 /* Views */,
				CED19BA21C58AB2F00F6B162 /* ViewControllers */,
				CED19B9D1C58AB2F00F6B162 /* Category */,
				CED19BA11C58AB2F00F6B162 /* Utility */,
			);
			path = Classes;
			sourceTree = "<group>";
		};
		CED19B981C58A86700F6B162 /* StoryBoard */ = {
			isa = PBXGroup;
			children = (
				CED19B991C58A89200F6B162 /* LaunchScreen.storyboard */,
				CED19B9A1C58A89200F6B162 /* Main.storyboard */,
				CE79242E1C72B65A00A4B801 /* Serve.storyboard */,
				CE4C69FA1C7AA86D00B01980 /* My.storyboard */,
			);
			path = StoryBoard;
			sourceTree = "<group>";
		};
		CED19B9D1C58AB2F00F6B162 /* Category */ = {
			isa = PBXGroup;
			children = (
				CE4C6A031C7B055200B01980 /* MKBlockAdditions.h */,
				CE4C6A041C7B055200B01980 /* UIAlertView+MKBlockAdditions.h */,
				CE4C6A051C7B055200B01980 /* UIAlertView+MKBlockAdditions.m */,
				CED19BB51C58BAA000F6B162 /* UIColor+Additions.h */,
				CED19BB61C58BAA000F6B162 /* UIColor+Additions.m */,
				CED19BAF1C58B64A00F6B162 /* NSTimer+Addition.h */,
				CED19BB01C58B64A00F6B162 /* NSTimer+Addition.m */,
			);
			path = Category;
			sourceTree = "<group>";
		};
		CED19BA11C58AB2F00F6B162 /* Utility */ = {
			isa = PBXGroup;
			children = (
				CEB0D9871C8D4A2800222DAA /* Utils.h */,
				CEB0D9881C8D4A2800222DAA /* Utils.m */,
				CE8D7B641C72D2810016B798 /* CLCommonConst.h */,
				CED19BB21C58B6F000F6B162 /* SwiftCallOcHeader.h */,
				CED19BB31C58B9F900F6B162 /* CLCommonConst.swift */,
				CE7924301C72C34500A4B801 /* APPTools.h */,
				CE7924311C72C34500A4B801 /* APPTools.m */,
			);
			path = Utility;
			sourceTree = "<group>";
		};
		CED19BA21C58AB2F00F6B162 /* ViewControllers */ = {
			isa = PBXGroup;
			children = (
				CE4C6A071C7B0A4500B01980 /* MainVc */,
				CE07FA911C71B44100384383 /* FirstVc */,
				CE07FA921C71B44100384383 /* SecondVc */,
				CE4C69FC1C7AAAFB00B01980 /* ThirdVc */,
				CE79242B1C72B59300A4B801 /* ServeVc */,
			);
			path = ViewControllers;
			sourceTree = "<group>";
		};
		CED19BA31C58AB2F00F6B162 /* Views */ = {
			isa = PBXGroup;
			children = (
				CEBB0A9C1C8FB41D00C6C406 /* TYUpDownScrollView */,
				CEB0D9831C8D48C100222DAA /* CBAutoScrollLabel */,
				CE7924331C72C3AC00A4B801 /* MBProgressHUD */,
				CED19BA81C58B5E500F6B162 /* CycleScrollView */,
			);
			path = Views;
			sourceTree = "<group>";
		};
		CED19BA81C58B5E500F6B162 /* CycleScrollView */ = {
			isa = PBXGroup;
			children = (
				CED19BA91C58B5E500F6B162 /* CycleScrollView.h */,
				CED19BAA1C58B5E500F6B162 /* CycleScrollView.m */,
			);
			path = CycleScrollView;
			sourceTree = "<group>";
		};
/* End PBXGroup section */

/* Begin PBXNativeTarget section */
		CED19B651C589D1800F6B162 /* CLFreedom */ = {
			isa = PBXNativeTarget;
			buildConfigurationList = CED19B8E1C589D1800F6B162 /* Build configuration list for PBXNativeTarget "CLFreedom" */;
			buildPhases = (
				CED19B621C589D1800F6B162 /* Sources */,
				CED19B631C589D1800F6B162 /* Frameworks */,
				CED19B641C589D1800F6B162 /* Resources */,
			);
			buildRules = (
			);
			dependencies = (
			);
			name = CLFreedom;
			productName = CLFreedom;
			productReference = CED19B661C589D1800F6B162 /* CLFreedom.app */;
			productType = "com.apple.product-type.application";
		};
		CED19B791C589D1800F6B162 /* CLFreedomTests */ = {
			isa = PBXNativeTarget;
			buildConfigurationList = CED19B911C589D1800F6B162 /* Build configuration list for PBXNativeTarget "CLFreedomTests" */;
			buildPhases = (
				CED19B761C589D1800F6B162 /* Sources */,
				CED19B771C589D1800F6B162 /* Frameworks */,
				CED19B781C589D1800F6B162 /* Resources */,
			);
			buildRules = (
			);
			dependencies = (
				CED19B7C1C589D1800F6B162 /* PBXTargetDependency */,
			);
			name = CLFreedomTests;
			productName = CLFreedomTests;
			productReference = CED19B7A1C589D1800F6B162 /* CLFreedomTests.xctest */;
			productType = "com.apple.product-type.bundle.unit-test";
		};
		CED19B841C589D1800F6B162 /* CLFreedomUITests */ = {
			isa = PBXNativeTarget;
			buildConfigurationList = CED19B941C589D1800F6B162 /* Build configuration list for PBXNativeTarget "CLFreedomUITests" */;
			buildPhases = (
				CED19B811C589D1800F6B162 /* Sources */,
				CED19B821C589D1800F6B162 /* Frameworks */,
				CED19B831C589D1800F6B162 /* Resources */,
			);
			buildRules = (
			);
			dependencies = (
				CED19B871C589D1800F6B162 /* PBXTargetDependency */,
			);
			name = CLFreedomUITests;
			productName = CLFreedomUITests;
			productReference = CED19B851C589D1800F6B162 /* CLFreedomUITests.xctest */;
			productType = "com.apple.product-type.bundle.ui-testing";
		};
/* End PBXNativeTarget section */

/* Begin PBXProject section */
		CED19B5E1C589D1800F6B162 /* Project object */ = {
			isa = PBXProject;
			attributes = {
				LastSwiftUpdateCheck = 0720;
				LastUpgradeCheck = 0720;
				ORGANIZATIONNAME = laosiji;
				TargetAttributes = {
					CED19B651C589D1800F6B162 = {
						CreatedOnToolsVersion = 7.2;
						DevelopmentTeam = 7RP6R5K89N;
						SystemCapabilities = {
							com.apple.BackgroundModes = {
								enabled = 1;
							};
							com.apple.OMC = {
								enabled = 1;
							};
						};
					};
					CED19B791C589D1800F6B162 = {
						CreatedOnToolsVersion = 7.2;
						TestTargetID = CED19B651C589D1800F6B162;
					};
					CED19B841C589D1800F6B162 = {
						CreatedOnToolsVersion = 7.2;
						TestTargetID = CED19B651C589D1800F6B162;
					};
				};
			};
			buildConfigurationList = CED19B611C589D1800F6B162 /* Build configuration list for PBXProject "CLFreedom" */;
			compatibilityVersion = "Xcode 3.2";
			developmentRegion = English;
			hasScannedForEncodings = 0;
			knownRegions = (
				en,
				Base,
				"zh-Hans",
			);
			mainGroup = CED19B5D1C589D1800F6B162;
			productRefGroup = CED19B671C589D1800F6B162 /* Products */;
			projectDirPath = "";
			projectRoot = "";
			targets = (
				CED19B651C589D1800F6B162 /* CLFreedom */,
				CED19B791C589D1800F6B162 /* CLFreedomTests */,
				CED19B841C589D1800F6B162 /* CLFreedomUITests */,
			);
		};
/* End PBXProject section */

/* Begin PBXResourcesBuildPhase section */
		CED19B641C589D1800F6B162 /* Resources */ = {
			isa = PBXResourcesBuildPhase;
			buildActionMask = 2147483647;
			files = (
				CE79242F1C72B65A00A4B801 /* Serve.storyboard in Resources */,
				CED19B9C1C58A89200F6B162 /* Main.storyboard in Resources */,
				CED19B711C589D1800F6B162 /* Assets.xcassets in Resources */,
				CE4C69FB1C7AA86D00B01980 /* My.storyboard in Resources */,
				CED19B9B1C58A89200F6B162 /* LaunchScreen.storyboard in Resources */,
			);
			runOnlyForDeploymentPostprocessing = 0;
		};
		CED19B781C589D1800F6B162 /* Resources */ = {
			isa = PBXResourcesBuildPhase;
			buildActionMask = 2147483647;
			files = (
			);
			runOnlyForDeploymentPostprocessing = 0;
		};
		CED19B831C589D1800F6B162 /* Resources */ = {
			isa = PBXResourcesBuildPhase;
			buildActionMask = 2147483647;
			files = (
			);
			runOnlyForDeploymentPostprocessing = 0;
		};
/* End PBXResourcesBuildPhase section */

/* Begin PBXSourcesBuildPhase section */
		CED19B621C589D1800F6B162 /* Sources */ = {
			isa = PBXSourcesBuildPhase;
			buildActionMask = 2147483647;
			files = (
				CE7924381C72C51500A4B801 /* CLMenuDetailsTableViewController.swift in Sources */,
				CEB0D9821C8D211400222DAA /* CLApplePayViewController.m in Sources */,
				CED19BAB1C58B5E500F6B162 /* CycleScrollView.m in Sources */,
				CE79242D1C72B61600A4B801 /* CLMenuSearchViewController.swift in Sources */,
				CED19BB41C58B9F900F6B162 /* CLCommonConst.swift in Sources */,
				CE4C6A061C7B055200B01980 /* UIAlertView+MKBlockAdditions.m in Sources */,
				CED19B6A1C589D1800F6B162 /* AppDelegate.swift in Sources */,
				CE4C69FE1C7AAB5A00B01980 /* CLSettingTableViewController.swift in Sources */,
				CEB0D9861C8D48C100222DAA /* CBAutoScrollLabel.m in Sources */,
				CE4C6A091C7B0A7B00B01980 /* CLTabBarController.swift in Sources */,
				CE7924361C72C3AC00A4B801 /* MBProgressHUD.m in Sources */,
				CED19BB11C58B64A00F6B162 /* NSTimer+Addition.m in Sources */,
				CE5F378B1C7301B7002B7B4D /* CLNetWorkCenter.m in Sources */,
				CED19BB71C58BAA000F6B162 /* UIColor+Additions.m in Sources */,
				CEBB0A9F1C8FB41D00C6C406 /* TYNewsView.m in Sources */,
				CE07FA941C71B46000384383 /* CLHomeTableViewController.swift in Sources */,
				CEB0D9891C8D4A2800222DAA /* Utils.m in Sources */,
				CE7924321C72C34500A4B801 /* APPTools.m in Sources */,
			);
			runOnlyForDeploymentPostprocessing = 0;
		};
		CED19B761C589D1800F6B162 /* Sources */ = {
			isa = PBXSourcesBuildPhase;
			buildActionMask = 2147483647;
			files = (
				CED19B7F1C589D1800F6B162 /* CLFreedomTests.swift in Sources */,
			);
			runOnlyForDeploymentPostprocessing = 0;
		};
		CED19B811C589D1800F6B162 /* Sources */ = {
			isa = PBXSourcesBuildPhase;
			buildActionMask = 2147483647;
			files = (
				CED19B8A1C589D1800F6B162 /* CLFreedomUITests.swift in Sources */,
			);
			runOnlyForDeploymentPostprocessing = 0;
		};
/* End PBXSourcesBuildPhase section */

/* Begin PBXTargetDependency section */
		CED19B7C1C589D1800F6B162 /* PBXTargetDependency */ = {
			isa = PBXTargetDependency;
			target = CED19B651C589D1800F6B162 /* CLFreedom */;
			targetProxy = CED19B7B1C589D1800F6B162 /* PBXContainerItemProxy */;
		};
		CED19B871C589D1800F6B162 /* PBXTargetDependency */ = {
			isa = PBXTargetDependency;
			target = CED19B651C589D1800F6B162 /* CLFreedom */;
			targetProxy = CED19B861C589D1800F6B162 /* PBXContainerItemProxy */;
		};
/* End PBXTargetDependency section */

/* Begin XCBuildConfiguration section */
		CED19B8C1C589D1800F6B162 /* Debug */ = {
			isa = XCBuildConfiguration;
			buildSettings = {
				ALWAYS_SEARCH_USER_PATHS = NO;
				CLANG_CXX_LANGUAGE_STANDARD = "gnu++0x";
				CLANG_CXX_LIBRARY = "libc++";
				CLANG_ENABLE_MODULES = YES;
				CLANG_ENABLE_OBJC_ARC = YES;
				CLANG_WARN_BOOL_CONVERSION = YES;
				CLANG_WARN_CONSTANT_CONVERSION = YES;
				CLANG_WARN_DIRECT_OBJC_ISA_USAGE = YES_ERROR;
				CLANG_WARN_EMPTY_BODY = YES;
				CLANG_WARN_ENUM_CONVERSION = YES;
				CLANG_WARN_INT_CONVERSION = YES;
				CLANG_WARN_OBJC_ROOT_CLASS = YES_ERROR;
				CLANG_WARN_UNREACHABLE_CODE = YES;
				CLANG_WARN__DUPLICATE_METHOD_MATCH = YES;
				"CODE_SIGN_IDENTITY[sdk=iphoneos*]" = "iPhone Developer";
				COPY_PHASE_STRIP = NO;
				DEBUG_INFORMATION_FORMAT = dwarf;
				ENABLE_STRICT_OBJC_MSGSEND = YES;
				ENABLE_TESTABILITY = YES;
				GCC_C_LANGUAGE_STANDARD = gnu99;
				GCC_DYNAMIC_NO_PIC = NO;
				GCC_NO_COMMON_BLOCKS = YES;
				GCC_OPTIMIZATION_LEVEL = 0;
				GCC_PREPROCESSOR_DEFINITIONS = (
					"DEBUG=1",
					"$(inherited)",
				);
				GCC_WARN_64_TO_32_BIT_CONVERSION = YES;
				GCC_WARN_ABOUT_RETURN_TYPE = YES_ERROR;
				GCC_WARN_UNDECLARED_SELECTOR = YES;
				GCC_WARN_UNINITIALIZED_AUTOS = YES_AGGRESSIVE;
				GCC_WARN_UNUSED_FUNCTION = YES;
				GCC_WARN_UNUSED_VARIABLE = YES;
				IPHONEOS_DEPLOYMENT_TARGET = 9.2;
				MTL_ENABLE_DEBUG_INFO = YES;
				ONLY_ACTIVE_ARCH = YES;
				SDKROOT = iphoneos;
				SWIFT_OPTIMIZATION_LEVEL = "-Onone";
			};
			name = Debug;
		};
		CED19B8D1C589D1800F6B162 /* Release */ = {
			isa = XCBuildConfiguration;
			buildSettings = {
				ALWAYS_SEARCH_USER_PATHS = NO;
				CLANG_CXX_LANGUAGE_STANDARD = "gnu++0x";
				CLANG_CXX_LIBRARY = "libc++";
				CLANG_ENABLE_MODULES = YES;
				CLANG_ENABLE_OBJC_ARC = YES;
				CLANG_WARN_BOOL_CONVERSION = YES;
				CLANG_WARN_CONSTANT_CONVERSION = YES;
				CLANG_WARN_DIRECT_OBJC_ISA_USAGE = YES_ERROR;
				CLANG_WARN_EMPTY_BODY = YES;
				CLANG_WARN_ENUM_CONVERSION = YES;
				CLANG_WARN_INT_CONVERSION = YES;
				CLANG_WARN_OBJC_ROOT_CLASS = YES_ERROR;
				CLANG_WARN_UNREACHABLE_CODE = YES;
				CLANG_WARN__DUPLICATE_METHOD_MATCH = YES;
				"CODE_SIGN_IDENTITY[sdk=iphoneos*]" = "iPhone Developer";
				COPY_PHASE_STRIP = NO;
				DEBUG_INFORMATION_FORMAT = "dwarf-with-dsym";
				ENABLE_NS_ASSERTIONS = NO;
				ENABLE_STRICT_OBJC_MSGSEND = YES;
				GCC_C_LANGUAGE_STANDARD = gnu99;
				GCC_NO_COMMON_BLOCKS = YES;
				GCC_WARN_64_TO_32_BIT_CONVERSION = YES;
				GCC_WARN_ABOUT_RETURN_TYPE = YES_ERROR;
				GCC_WARN_UNDECLARED_SELECTOR = YES;
				GCC_WARN_UNINITIALIZED_AUTOS = YES_AGGRESSIVE;
				GCC_WARN_UNUSED_FUNCTION = YES;
				GCC_WARN_UNUSED_VARIABLE = YES;
				IPHONEOS_DEPLOYMENT_TARGET = 9.2;
				MTL_ENABLE_DEBUG_INFO = NO;
				SDKROOT = iphoneos;
				VALIDATE_PRODUCT = YES;
			};
			name = Release;
		};
		CED19B8F1C589D1800F6B162 /* Debug */ = {
			isa = XCBuildConfiguration;
			buildSettings = {
				ASSETCATALOG_COMPILER_APPICON_NAME = AppIcon;
				CODE_SIGN_ENTITLEMENTS = "";
				CODE_SIGN_IDENTITY = "iPhone Developer";
				"CODE_SIGN_IDENTITY[sdk=iphoneos*]" = "iPhone Developer";
				FRAMEWORK_SEARCH_PATHS = (
					"$(inherited)",
					"$(PROJECT_DIR)/CLFreedom/Classes/ThirdPart/umeng_ios_social_sdk_5.0_arm64_custom/UMSocial_Sdk_Extra_Frameworks/TencentOpenAPI",
				);
				GCC_PREFIX_HEADER = "$(SRCROOT)/CLFreedom/CLFreedom-Prefix.pch";
				INFOPLIST_FILE = CLFreedom/Info.plist;
				IPHONEOS_DEPLOYMENT_TARGET = 8.1;
				LD_RUNPATH_SEARCH_PATHS = "$(inherited) @executable_path/Frameworks";
				LIBRARY_SEARCH_PATHS = (
					"$(inherited)",
					"$(PROJECT_DIR)/CLFreedom/Classes/ThirdPart/UMAnalytics",
					"$(PROJECT_DIR)/CLFreedom/Classes/ThirdPart/GtSdkLib",
					"$(PROJECT_DIR)/CLFreedom/Classes/ThirdPart/umeng_ios_social_sdk_5.0_arm64_custom/UMSocial_Sdk_5.0",
					"$(PROJECT_DIR)/CLFreedom/Classes/ThirdPart/umeng_ios_social_sdk_5.0_arm64_custom/UMSocial_Sdk_Extra_Frameworks/TencentOpenAPI",
					"$(PROJECT_DIR)/CLFreedom/Classes/ThirdPart/umeng_ios_social_sdk_5.0_arm64_custom/UMSocial_Sdk_Extra_Frameworks/UMSocial_ScreenShot_Sdk",
					"$(PROJECT_DIR)/CLFreedom/Classes/ThirdPart/umeng_ios_social_sdk_5.0_arm64_custom/UMSocial_Sdk_Extra_Frameworks/UMSocial_Shake_Sdk",
					"$(PROJECT_DIR)/CLFreedom/Classes/ThirdPart/umeng_ios_social_sdk_5.0_arm64_custom/UMSocial_Sdk_Extra_Frameworks/Wechat",
				);
				OTHER_SWIFT_FLAGS = "-D DEBUG";
				PRODUCT_BUNDLE_IDENTIFIER = com.laosiji.freedom;
				PRODUCT_MODULE_NAME = OcCallSwift;
				PRODUCT_NAME = "$(TARGET_NAME)";
				PROVISIONING_PROFILE = "";
				SWIFT_OBJC_BRIDGING_HEADER = CLFreedom/Classes/Utility/SwiftCallOcHeader.h;
				TARGETED_DEVICE_FAMILY = 1;
			};
			name = Debug;
		};
		CED19B901C589D1800F6B162 /* Release */ = {
			isa = XCBuildConfiguration;
			buildSettings = {
				ASSETCATALOG_COMPILER_APPICON_NAME = AppIcon;
				CODE_SIGN_ENTITLEMENTS = "";
				CODE_SIGN_IDENTITY = "iPhone Developer";
				"CODE_SIGN_IDENTITY[sdk=iphoneos*]" = "iPhone Developer";
				FRAMEWORK_SEARCH_PATHS = (
					"$(inherited)",
					"$(PROJECT_DIR)/CLFreedom/Classes/ThirdPart/umeng_ios_social_sdk_5.0_arm64_custom/UMSocial_Sdk_Extra_Frameworks/TencentOpenAPI",
				);
				GCC_PREFIX_HEADER = "$(SRCROOT)/CLFreedom/CLFreedom-Prefix.pch";
				INFOPLIST_FILE = CLFreedom/Info.plist;
				IPHONEOS_DEPLOYMENT_TARGET = 8.1;
				LD_RUNPATH_SEARCH_PATHS = "$(inherited) @executable_path/Frameworks";
				LIBRARY_SEARCH_PATHS = (
					"$(inherited)",
					"$(PROJECT_DIR)/CLFreedom/Classes/ThirdPart/UMAnalytics",
					"$(PROJECT_DIR)/CLFreedom/Classes/ThirdPart/GtSdkLib",
					"$(PROJECT_DIR)/CLFreedom/Classes/ThirdPart/umeng_ios_social_sdk_5.0_arm64_custom/UMSocial_Sdk_5.0",
					"$(PROJECT_DIR)/CLFreedom/Classes/ThirdPart/umeng_ios_social_sdk_5.0_arm64_custom/UMSocial_Sdk_Extra_Frameworks/TencentOpenAPI",
					"$(PROJECT_DIR)/CLFreedom/Classes/ThirdPart/umeng_ios_social_sdk_5.0_arm64_custom/UMSocial_Sdk_Extra_Frameworks/UMSocial_ScreenShot_Sdk",
					"$(PROJECT_DIR)/CLFreedom/Classes/ThirdPart/umeng_ios_social_sdk_5.0_arm64_custom/UMSocial_Sdk_Extra_Frameworks/UMSocial_Shake_Sdk",
					"$(PROJECT_DIR)/CLFreedom/Classes/ThirdPart/umeng_ios_social_sdk_5.0_arm64_custom/UMSocial_Sdk_Extra_Frameworks/Wechat",
				);
				OTHER_SWIFT_FLAGS = "";
				PRODUCT_BUNDLE_IDENTIFIER = com.laosiji.freedom;
				PRODUCT_MODULE_NAME = OcCallSwift;
				PRODUCT_NAME = "$(TARGET_NAME)";
				PROVISIONING_PROFILE = "";
				SWIFT_OBJC_BRIDGING_HEADER = CLFreedom/Classes/Utility/SwiftCallOcHeader.h;
				TARGETED_DEVICE_FAMILY = 1;
			};
			name = Release;
		};
		CED19B921C589D1800F6B162 /* Debug */ = {
			isa = XCBuildConfiguration;
			buildSettings = {
				BUNDLE_LOADER = "$(TEST_HOST)";
				INFOPLIST_FILE = CLFreedomTests/Info.plist;
				LD_RUNPATH_SEARCH_PATHS = "$(inherited) @executable_path/Frameworks @loader_path/Frameworks";
				PRODUCT_BUNDLE_IDENTIFIER = com.laosiji.CLFreedomTests;
				PRODUCT_NAME = "$(TARGET_NAME)";
				TEST_HOST = "$(BUILT_PRODUCTS_DIR)/CLFreedom.app/CLFreedom";
			};
			name = Debug;
		};
		CED19B931C589D1800F6B162 /* Release */ = {
			isa = XCBuildConfiguration;
			buildSettings = {
				BUNDLE_LOADER = "$(TEST_HOST)";
				INFOPLIST_FILE = CLFreedomTests/Info.plist;
				LD_RUNPATH_SEARCH_PATHS = "$(inherited) @executable_path/Frameworks @loader_path/Frameworks";
				PRODUCT_BUNDLE_IDENTIFIER = com.laosiji.CLFreedomTests;
				PRODUCT_NAME = "$(TARGET_NAME)";
				TEST_HOST = "$(BUILT_PRODUCTS_DIR)/CLFreedom.app/CLFreedom";
			};
			name = Release;
		};
		CED19B951C589D1800F6B162 /* Debug */ = {
			isa = XCBuildConfiguration;
			buildSettings = {
				INFOPLIST_FILE = CLFreedomUITests/Info.plist;
				LD_RUNPATH_SEARCH_PATHS = "$(inherited) @executable_path/Frameworks @loader_path/Frameworks";
				PRODUCT_BUNDLE_IDENTIFIER = com.laosiji.CLFreedomUITests;
				PRODUCT_NAME = "$(TARGET_NAME)";
				TEST_TARGET_NAME = CLFreedom;
				USES_XCTRUNNER = YES;
			};
			name = Debug;
		};
		CED19B961C589D1800F6B162 /* Release */ = {
			isa = XCBuildConfiguration;
			buildSettings = {
				INFOPLIST_FILE = CLFreedomUITests/Info.plist;
				LD_RUNPATH_SEARCH_PATHS = "$(inherited) @executable_path/Frameworks @loader_path/Frameworks";
				PRODUCT_BUNDLE_IDENTIFIER = com.laosiji.CLFreedomUITests;
				PRODUCT_NAME = "$(TARGET_NAME)";
				TEST_TARGET_NAME = CLFreedom;
				USES_XCTRUNNER = YES;
			};
			name = Release;
		};
/* End XCBuildConfiguration section */

/* Begin XCConfigurationList section */
		CED19B611C589D1800F6B162 /* Build configuration list for PBXProject "CLFreedom" */ = {
			isa = XCConfigurationList;
			buildConfigurations = (
				CED19B8C1C589D1800F6B162 /* Debug */,
				CED19B8D1C589D1800F6B162 /* Release */,
			);
			defaultConfigurationIsVisible = 0;
			defaultConfigurationName = Release;
		};
		CED19B8E1C589D1800F6B162 /* Build configuration list for PBXNativeTarget "CLFreedom" */ = {
			isa = XCConfigurationList;
			buildConfigurations = (
				CED19B8F1C589D1800F6B162 /* Debug */,
				CED19B901C589D1800F6B162 /* Release */,
			);
			defaultConfigurationIsVisible = 0;
			defaultConfigurationName = Release;
		};
		CED19B911C589D1800F6B162 /* Build configuration list for PBXNativeTarget "CLFreedomTests" */ = {
			isa = XCConfigurationList;
			buildConfigurations = (
				CED19B921C589D1800F6B162 /* Debug */,
				CED19B931C589D1800F6B162 /* Release */,
			);
			defaultConfigurationIsVisible = 0;
			defaultConfigurationName = Release;
		};
		CED19B941C589D1800F6B162 /* Build configuration list for PBXNativeTarget "CLFreedomUITests" */ = {
			isa = XCConfigurationList;
			buildConfigurations = (
				CED19B951C589D1800F6B162 /* Debug */,
				CED19B961C589D1800F6B162 /* Release */,
			);
			defaultConfigurationIsVisible = 0;
			defaultConfigurationName = Release;
		};
/* End XCConfigurationList section */
	};
	rootObject = CED19B5E1C589D1800F6B162 /* Project object */;
}
